
Microsoft Visual Studio Solution File, Format Version 12.00
# Visual Studio Version 17
VisualStudioVersion = 17.11.35312.102
MinimumVisualStudioVersion = 10.0.40219.1
Project("{FAE04EC0-301F-11D3-BF4B-00C04F79EFBC}") = "Boogle", "Boogle.csproj", "{3B61FEA3-40A3-42A7-8EA1-EFC6C60665CA}"
EndProject
Global
	GlobalSection(SolutionConfigurationPlatforms) = preSolution
		Debug|Any CPU = Debug|Any CPU
		Release|Any CPU = Release|Any CPU
	EndGlobalSection
	GlobalSection(ProjectConfigurationPlatforms) = postSolution
		{3B61FEA3-40A3-42A7-8EA1-EFC6C60665CA}.Debug|Any CPU.ActiveCfg = Debug|Any CPU
		{3B61FEA3-40A3-42A7-8EA1-EFC6C60665CA}.Debug|Any CPU.Build.0 = Debug|Any CPU
		{3B61FEA3-40A3-42A7-8EA1-EFC6C60665CA}.Release|Any CPU.ActiveCfg = Release|Any CPU
		{3B61FEA3-40A3-42A7-8EA1-EFC6C60665CA}.Release|Any CPU.Build.0 = Release|Any CPU
	EndGlobalSection
	GlobalSection(SolutionProperties) = preSolution
		HideSolutionNode = FALSE
	EndGlobalSection
	GlobalSection(ExtensibilityGlobals) = postSolution
		SolutionGuid = {247BCA20-4C78-4DE8-8B2B-397C07D3794E}
	EndGlobalSection
EndGlobal
